// !$*UTF8*$!
{
	archiveVersion = 1;
	classes = {
	};
	objectVersion = 77;
	objects = {

/* Begin PBXBuildFile section */
		BCFDFA0E2D5B49BF00B20B9D /* Parchment in Frameworks */ = {isa = PBXBuildFile; productRef = BCFDFA0D2D5B49BF00B20B9D /* Parchment */; };
/* End PBXBuildFile section */

/* Begin PBXContainerItemProxy section */
		BCFDF9EF2D5B038B00B20B9D /* PBXContainerItemProxy */ = {
			isa = PBXContainerItemProxy;
			containerPortal = BCFDF9D02D5B038900B20B9D /* Project object */;
			proxyType = 1;
			remoteGlobalIDString = BCFDF9D72D5B038A00B20B9D;
			remoteInfo = HouseholdBudgetCalculator;
		};
		BCFDF9F92D5B038B00B20B9D /* PBXContainerItemProxy */ = {
			isa = PBXContainerItemProxy;
			containerPortal = BCFDF9D02D5B038900B20B9D /* Project object */;
			proxyType = 1;
			remoteGlobalIDString = BCFDF9D72D5B038A00B20B9D;
			remoteInfo = HouseholdBudgetCalculator;
		};
/* End PBXContainerItemProxy section */

/* Begin PBXFileReference section */
		BCFDF9D82D5B038A00B20B9D /* HouseholdBudgetCalculator.app */ = {isa = PBXFileReference; explicitFileType = wrapper.application; includeInIndex = 0; path = HouseholdBudgetCalculator.app; sourceTree = BUILT_PRODUCTS_DIR; };
		BCFDF9EE2D5B038B00B20B9D /* HouseholdBudgetCalculatorTests.xctest */ = {isa = PBXFileReference; explicitFileType = wrapper.cfbundle; includeInIndex = 0; path = HouseholdBudgetCalculatorTests.xctest; sourceTree = BUILT_PRODUCTS_DIR; };
		BCFDF9F82D5B038B00B20B9D /* HouseholdBudgetCalculatorUITests.xctest */ = {isa = PBXFileReference; explicitFileType = wrapper.cfbundle; includeInIndex = 0; path = HouseholdBudgetCalculatorUITests.xctest; sourceTree = BUILT_PRODUCTS_DIR; };
/* End PBXFileReference section */

/* Begin PBXFileSystemSynchronizedBuildFileExceptionSet section */
		BCFDFA002D5B038B00B20B9D /* Exceptions for "HouseholdBudgetCalculator" folder in "HouseholdBudgetCalculator" target */ = {
			isa = PBXFileSystemSynchronizedBuildFileExceptionSet;
			membershipExceptions = (
				Info.plist,
			);
			target = BCFDF9D72D5B038A00B20B9D /* HouseholdBudgetCalculator */;
		};
/* End PBXFileSystemSynchronizedBuildFileExceptionSet section */

/* Begin PBXFileSystemSynchronizedRootGroup section */
		BCFDF9DA2D5B038A00B20B9D /* HouseholdBudgetCalculator */ = {
			isa = PBXFileSystemSynchronizedRootGroup;
			exceptions = (
				BCFDFA002D5B038B00B20B9D /* Exceptions for "HouseholdBudgetCalculator" folder in "HouseholdBudgetCalculator" target */,
			);
			path = HouseholdBudgetCalculator;
			sourceTree = "<group>";
		};
		BCFDF9F12D5B038B00B20B9D /* HouseholdBudgetCalculatorTests */ = {
			isa = PBXFileSystemSynchronizedRootGroup;
			path = HouseholdBudgetCalculatorTests;
			sourceTree = "<group>";
		};
		BCFDF9FB2D5B038B00B20B9D /* HouseholdBudgetCalculatorUITests */ = {
			isa = PBXFileSystemSynchronizedRootGroup;
			path = HouseholdBudgetCalculatorUITests;
			sourceTree = "<group>";
		};
/* End PBXFileSystemSynchronizedRootGroup section */

/* Begin PBXFrameworksBuildPhase section */
		BCFDF9D52D5B038A00B20B9D /* Frameworks */ = {
			isa = PBXFrameworksBuildPhase;
			buildActionMask = 2147483647;
			files = (
				BCFDFA0E2D5B49BF00B20B9D /* Parchment in Frameworks */,
			);
			runOnlyForDeploymentPostprocessing = 0;
		};
		BCFDF9EB2D5B038B00B20B9D /* Frameworks */ = {
			isa = PBXFrameworksBuildPhase;
			buildActionMask = 2147483647;
			files = (
			);
			runOnlyForDeploymentPostprocessing = 0;
		};
		BCFDF9F52D5B038B00B20B9D /* Frameworks */ = {
			isa = PBXFrameworksBuildPhase;
			buildActionMask = 2147483647;
			files = (
			);
			runOnlyForDeploymentPostprocessing = 0;
		};
/* End PBXFrameworksBuildPhase section */

/* Begin PBXGroup section */
		BCFDF9CF2D5B038900B20B9D = {
			isa = PBXGroup;
			children = (
				BCFDF9DA2D5B038A00B20B9D /* HouseholdBudgetCalculator */,
				BCFDF9F12D5B038B00B20B9D /* HouseholdBudgetCalculatorTests */,
				BCFDF9FB2D5B038B00B20B9D /* HouseholdBudgetCalculatorUITests */,
				BCFDF9D92D5B038A00B20B9D /* Products */,
			);
			sourceTree = "<group>";
		};
		BCFDF9D92D5B038A00B20B9D /* Products */ = {
			isa = PBXGroup;
			children = (
				BCFDF9D82D5B038A00B20B9D /* HouseholdBudgetCalculator.app */,
				BCFDF9EE2D5B038B00B20B9D /* HouseholdBudgetCalculatorTests.xctest */,
				BCFDF9F82D5B038B00B20B9D /* HouseholdBudgetCalculatorUITests.xctest */,
			);
			name = Products;
			sourceTree = "<group>";
		};
/* End PBXGroup section */

/* Begin PBXNativeTarget section */
		BCFDF9D72D5B038A00B20B9D /* HouseholdBudgetCalculator */ = {
			isa = PBXNativeTarget;
			buildConfigurationList = BCFDFA012D5B038B00B20B9D /* Build configuration list for PBXNativeTarget "HouseholdBudgetCalculator" */;
			buildPhases = (
				BCFDF9D42D5B038A00B20B9D /* Sources */,
				BCFDF9D52D5B038A00B20B9D /* Frameworks */,
				BCFDF9D62D5B038A00B20B9D /* Resources */,
			);
			buildRules = (
			);
			dependencies = (
			);
			fileSystemSynchronizedGroups = (
				BCFDF9DA2D5B038A00B20B9D /* HouseholdBudgetCalculator */,
			);
			name = HouseholdBudgetCalculator;
			packageProductDependencies = (
				BCFDFA0D2D5B49BF00B20B9D /* Parchment */,
			);
			productName = HouseholdBudgetCalculator;
			productReference = BCFDF9D82D5B038A00B20B9D /* HouseholdBudgetCalculator.app */;
			productType = "com.apple.product-type.application";
		};
		BCFDF9ED2D5B038B00B20B9D /* HouseholdBudgetCalculatorTests */ = {
			isa = PBXNativeTarget;
			buildConfigurationList = BCFDFA062D5B038B00B20B9D /* Build configuration list for PBXNativeTarget "HouseholdBudgetCalculatorTests" */;
			buildPhases = (
				BCFDF9EA2D5B038B00B20B9D /* Sources */,
				BCFDF9EB2D5B038B00B20B9D /* Frameworks */,
				BCFDF9EC2D5B038B00B20B9D /* Resources */,
			);
			buildRules = (
			);
			dependencies = (
				BCFDF9F02D5B038B00B20B9D /* PBXTargetDependency */,
			);
			fileSystemSynchronizedGroups = (
				BCFDF9F12D5B038B00B20B9D /* HouseholdBudgetCalculatorTests */,
			);
			name = HouseholdBudgetCalculatorTests;
			packageProductDependencies = (
			);
			productName = HouseholdBudgetCalculatorTests;
			productReference = BCFDF9EE2D5B038B00B20B9D /* HouseholdBudgetCalculatorTests.xctest */;
			productType = "com.apple.product-type.bundle.unit-test";
		};
		BCFDF9F72D5B038B00B20B9D /* HouseholdBudgetCalculatorUITests */ = {
			isa = PBXNativeTarget;
			buildConfigurationList = BCFDFA092D5B038B00B20B9D /* Build configuration list for PBXNativeTarget "HouseholdBudgetCalculatorUITests" */;
			buildPhases = (
				BCFDF9F42D5B038B00B20B9D /* Sources */,
				BCFDF9F52D5B038B00B20B9D /* Frameworks */,
				BCFDF9F62D5B038B00B20B9D /* Resources */,
			);
			buildRules = (
			);
			dependencies = (
				BCFDF9FA2D5B038B00B20B9D /* PBXTargetDependency */,
			);
			fileSystemSynchronizedGroups = (
				BCFDF9FB2D5B038B00B20B9D /* HouseholdBudgetCalculatorUITests */,
			);
			name = HouseholdBudgetCalculatorUITests;
			packageProductDependencies = (
			);
			productName = HouseholdBudgetCalculatorUITests;
			productReference = BCFDF9F82D5B038B00B20B9D /* HouseholdBudgetCalculatorUITests.xctest */;
			productType = "com.apple.product-type.bundle.ui-testing";
		};
/* End PBXNativeTarget section */

/* Begin PBXProject section */
		BCFDF9D02D5B038900B20B9D /* Project object */ = {
			isa = PBXProject;
			attributes = {
				BuildIndependentTargetsInParallel = 1;
				LastSwiftUpdateCheck = 1620;
				LastUpgradeCheck = 1620;
				TargetAttributes = {
					BCFDF9D72D5B038A00B20B9D = {
						CreatedOnToolsVersion = 16.2;
					};
					BCFDF9ED2D5B038B00B20B9D = {
						CreatedOnToolsVersion = 16.2;
						TestTargetID = BCFDF9D72D5B038A00B20B9D;
					};
					BCFDF9F72D5B038B00B20B9D = {
						CreatedOnToolsVersion = 16.2;
						TestTargetID = BCFDF9D72D5B038A00B20B9D;
					};
				};
			};
			buildConfigurationList = BCFDF9D32D5B038A00B20B9D /* Build configuration list for PBXProject "HouseholdBudgetCalculator" */;
			developmentRegion = en;
			hasScannedForEncodings = 0;
			knownRegions = (
				en,
				Base,
			);
			mainGroup = BCFDF9CF2D5B038900B20B9D;
			minimizedProjectReferenceProxies = 1;
			packageReferences = (
				BCFDFA0C2D5B49BF00B20B9D /* XCRemoteSwiftPackageReference "Parchment" */,
			);
			preferredProjectObjectVersion = 77;
			productRefGroup = BCFDF9D92D5B038A00B20B9D /* Products */;
			projectDirPath = "";
			projectRoot = "";
			targets = (
				BCFDF9D72D5B038A00B20B9D /* HouseholdBudgetCalculator */,
				BCFDF9ED2D5B038B00B20B9D /* HouseholdBudgetCalculatorTests */,
				BCFDF9F72D5B038B00B20B9D /* HouseholdBudgetCalculatorUITests */,
			);
		};
/* End PBXProject section */

/* Begin PBXResourcesBuildPhase section */
		BCFDF9D62D5B038A00B20B9D /* Resources */ = {
			isa = PBXResourcesBuildPhase;
			buildActionMask = 2147483647;
			files = (
			);
			runOnlyForDeploymentPostprocessing = 0;
		};
		BCFDF9EC2D5B038B00B20B9D /* Resources */ = {
			isa = PBXResourcesBuildPhase;
			buildActionMask = 2147483647;
			files = (
			);
			runOnlyForDeploymentPostprocessing = 0;
		};
		BCFDF9F62D5B038B00B20B9D /* Resources */ = {
			isa = PBXResourcesBuildPhase;
			buildActionMask = 2147483647;
			files = (
			);
			runOnlyForDeploymentPostprocessing = 0;
		};
/* End PBXResourcesBuildPhase section */

/* Begin PBXSourcesBuildPhase section */
		BCFDF9D42D5B038A00B20B9D /* Sources */ = {
			isa = PBXSourcesBuildPhase;
			buildActionMask = 2147483647;
			files = (
			);
			runOnlyForDeploymentPostprocessing = 0;
		};
		BCFDF9EA2D5B038B00B20B9D /* Sources */ = {
			isa = PBXSourcesBuildPhase;
			buildActionMask = 2147483647;
			files = (
			);
			runOnlyForDeploymentPostprocessing = 0;
		};
		BCFDF9F42D5B038B00B20B9D /* Sources */ = {
			isa = PBXSourcesBuildPhase;
			buildActionMask = 2147483647;
			files = (
			);
			runOnlyForDeploymentPostprocessing = 0;
		};
/* End PBXSourcesBuildPhase section */

/* Begin PBXTargetDependency section */
		BCFDF9F02D5B038B00B20B9D /* PBXTargetDependency */ = {
			isa = PBXTargetDependency;
			target = BCFDF9D72D5B038A00B20B9D /* HouseholdBudgetCalculator */;
			targetProxy = BCFDF9EF2D5B038B00B20B9D /* PBXContainerItemProxy */;
		};
		BCFDF9FA2D5B038B00B20B9D /* PBXTargetDependency */ = {
			isa = PBXTargetDependency;
			target = BCFDF9D72D5B038A00B20B9D /* HouseholdBudgetCalculator */;
			targetProxy = BCFDF9F92D5B038B00B20B9D /* PBXContainerItemProxy */;
		};
/* End PBXTargetDependency section */

/* Begin XCBuildConfiguration section */
		BCFDFA022D5B038B00B20B9D /* Debug */ = {
			isa = XCBuildConfiguration;
			buildSettings = {
				ASSETCATALOG_COMPILER_APPICON_NAME = AppIcon;
				ASSETCATALOG_COMPILER_GLOBAL_ACCENT_COLOR_NAME = AccentColor;
				CODE_SIGN_STYLE = Automatic;
				CURRENT_PROJECT_VERSION = 1;
				DEVELOPMENT_TEAM = 37MFDT4LMQ;
				GENERATE_INFOPLIST_FILE = YES;
				INFOPLIST_FILE = HouseholdBudgetCalculator/Info.plist;
				INFOPLIST_KEY_UIApplicationSupportsIndirectInputEvents = YES;
				INFOPLIST_KEY_UILaunchStoryboardName = LaunchScreen;
				INFOPLIST_KEY_UIMainStoryboardFile = Main;
				INFOPLIST_KEY_UISupportedInterfaceOrientations_iPad = "UIInterfaceOrientationPortrait UIInterfaceOrientationPortraitUpsideDown UIInterfaceOrientationLandscapeLeft UIInterfaceOrientationLandscapeRight";
				INFOPLIST_KEY_UISupportedInterfaceOrientations_iPhone = "UIInterfaceOrientationPortrait UIInterfaceOrientationLandscapeLeft UIInterfaceOrientationLandscapeRight";
				LD_RUNPATH_SEARCH_PATHS = (
					"$(inherited)",
					"@executable_path/Frameworks",
				);
				MARKETING_VERSION = 1.0;
				PRODUCT_BUNDLE_IDENTIFIER = test.HouseholdBudgetCalculator;
				PRODUCT_NAME = "$(TARGET_NAME)";
				SWIFT_EMIT_LOC_STRINGS = YES;
				SWIFT_VERSION = 5.0;
				TARGETED_DEVICE_FAMILY = "1,2";
			};
			name = Debug;
		};
		BCFDFA032D5B038B00B20B9D /* Release */ = {
			isa = XCBuildConfiguration;
			buildSettings = {
				ASSETCATALOG_COMPILER_APPICON_NAME = AppIcon;
				ASSETCATALOG_COMPILER_GLOBAL_ACCENT_COLOR_NAME = AccentColor;
				CODE_SIGN_STYLE = Automatic;
				CURRENT_PROJECT_VERSION = 1;
				DEVELOPMENT_TEAM = 37MFDT4LMQ;
				GENERATE_INFOPLIST_FILE = YES;
				INFOPLIST_FILE = HouseholdBudgetCalculator/Info.plist;
				INFOPLIST_KEY_UIApplicationSupportsIndirectInputEvents = YES;
				INFOPLIST_KEY_UILaunchStoryboardName = LaunchScreen;
				INFOPLIST_KEY_UIMainStoryboardFile = Main;
				INFOPLIST_KEY_UISupportedInterfaceOrientations_iPad = "UIInterfaceOrientationPortrait UIInterfaceOrientationPortraitUpsideDown UIInterfaceOrientationLandscapeLeft UIInterfaceOrientationLandscapeRight";
				INFOPLIST_KEY_UISupportedInterfaceOrientations_iPhone = "UIInterfaceOrientationPortrait UIInterfaceOrientationLandscapeLeft UIInterfaceOrientationLandscapeRight";
				LD_RUNPATH_SEARCH_PATHS = (
					"$(inherited)",
					"@executable_path/Frameworks",
				);
				MARKETING_VERSION = 1.0;
				PRODUCT_BUNDLE_IDENTIFIER = test.HouseholdBudgetCalculator;
				PRODUCT_NAME = "$(TARGET_NAME)";
				SWIFT_EMIT_LOC_STRINGS = YES;
				SWIFT_VERSION = 5.0;
				TARGETED_DEVICE_FAMILY = "1,2";
			};
			name = Release;
		};
		BCFDFA042D5B038B00B20B9D /* Debug */ = {
			isa = XCBuildConfiguration;
			buildSettings = {
				ALWAYS_SEARCH_USER_PATHS = NO;
				ASSETCATALOG_COMPILER_GENERATE_SWIFT_ASSET_SYMBOL_EXTENSIONS = YES;
				CLANG_ANALYZER_NONNULL = YES;
				CLANG_ANALYZER_NUMBER_OBJECT_CONVERSION = YES_AGGRESSIVE;
				CLANG_CXX_LANGUAGE_STANDARD = "gnu++20";
				CLANG_ENABLE_MODULES = YES;
				CLANG_ENABLE_OBJC_ARC = YES;
				CLANG_ENABLE_OBJC_WEAK = YES;
				CLANG_WARN_BLOCK_CAPTURE_AUTORELEASING = YES;
				CLANG_WARN_BOOL_CONVERSION = YES;
				CLANG_WARN_COMMA = YES;
				CLANG_WARN_CONSTANT_CONVERSION = YES;
				CLANG_WARN_DEPRECATED_OBJC_IMPLEMENTATIONS = YES;
				CLANG_WARN_DIRECT_OBJC_ISA_USAGE = YES_ERROR;
				CLANG_WARN_DOCUMENTATION_COMMENTS = YES;
				CLANG_WARN_EMPTY_BODY = YES;
				CLANG_WARN_ENUM_CONVERSION = YES;
				CLANG_WARN_INFINITE_RECURSION = YES;
				CLANG_WARN_INT_CONVERSION = YES;
				CLANG_WARN_NON_LITERAL_NULL_CONVERSION = YES;
				CLANG_WARN_OBJC_IMPLICIT_RETAIN_SELF = YES;
				CLANG_WARN_OBJC_LITERAL_CONVERSION = YES;
				CLANG_WARN_OBJC_ROOT_CLASS = YES_ERROR;
				CLANG_WARN_QUOTED_INCLUDE_IN_FRAMEWORK_HEADER = YES;
				CLANG_WARN_RANGE_LOOP_ANALYSIS = YES;
				CLANG_WARN_STRICT_PROTOTYPES = YES;
				CLANG_WARN_SUSPICIOUS_MOVE = YES;
				CLANG_WARN_UNGUARDED_AVAILABILITY = YES_AGGRESSIVE;
				CLANG_WARN_UNREACHABLE_CODE = YES;
				CLANG_WARN__DUPLICATE_METHOD_MATCH = YES;
				COPY_PHASE_STRIP = NO;
				DEBUG_INFORMATION_FORMAT = dwarf;
				ENABLE_STRICT_OBJC_MSGSEND = YES;
				ENABLE_TESTABILITY = YES;
				ENABLE_USER_SCRIPT_SANDBOXING = YES;
				GCC_C_LANGUAGE_STANDARD = gnu17;
				GCC_DYNAMIC_NO_PIC = NO;
				GCC_NO_COMMON_BLOCKS = YES;
				GCC_OPTIMIZATION_LEVEL = 0;
				GCC_PREPROCESSOR_DEFINITIONS = (
					"DEBUG=1",
					"$(inherited)",
				);
				GCC_WARN_64_TO_32_BIT_CONVERSION = YES;
				GCC_WARN_ABOUT_RETURN_TYPE = YES_ERROR;
				GCC_WARN_UNDECLARED_SELECTOR = YES;
				GCC_WARN_UNINITIALIZED_AUTOS = YES_AGGRESSIVE;
				GCC_WARN_UNUSED_FUNCTION = YES;
				GCC_WARN_UNUSED_VARIABLE = YES;
				IPHONEOS_DEPLOYMENT_TARGET = 18.2;
				LOCALIZATION_PREFERS_STRING_CATALOGS = YES;
				MTL_ENABLE_DEBUG_INFO = INCLUDE_SOURCE;
				MTL_FAST_MATH = YES;
				ONLY_ACTIVE_ARCH = YES;
				SDKROOT = iphoneos;
				SWIFT_ACTIVE_COMPILATION_CONDITIONS = "DEBUG $(inherited)";
				SWIFT_OPTIMIZATION_LEVEL = "-Onone";
			};
			name = Debug;
		};
		BCFDFA052D5B038B00B20B9D /* Release */ = {
			isa = XCBuildConfiguration;
			buildSettings = {
				ALWAYS_SEARCH_USER_PATHS = NO;
				ASSETCATALOG_COMPILER_GENERATE_SWIFT_ASSET_SYMBOL_EXTENSIONS = YES;
				CLANG_ANALYZER_NONNULL = YES;
				CLANG_ANALYZER_NUMBER_OBJECT_CONVERSION = YES_AGGRESSIVE;
				CLANG_CXX_LANGUAGE_STANDARD = "gnu++20";
				CLANG_ENABLE_MODULES = YES;
				CLANG_ENABLE_OBJC_ARC = YES;
				CLANG_ENABLE_OBJC_WEAK = YES;
				CLANG_WARN_BLOCK_CAPTURE_AUTORELEASING = YES;
				CLANG_WARN_BOOL_CONVERSION = YES;
				CLANG_WARN_COMMA = YES;
				CLANG_WARN_CONSTANT_CONVERSION = YES;
				CLANG_WARN_DEPRECATED_OBJC_IMPLEMENTATIONS = YES;
				CLANG_WARN_DIRECT_OBJC_ISA_USAGE = YES_ERROR;
				CLANG_WARN_DOCUMENTATION_COMMENTS = YES;
				CLANG_WARN_EMPTY_BODY = YES;
				CLANG_WARN_ENUM_CONVERSION = YES;
				CLANG_WARN_INFINITE_RECURSION = YES;
				CLANG_WARN_INT_CONVERSION = YES;
				CLANG_WARN_NON_LITERAL_NULL_CONVERSION = YES;
				CLANG_WARN_OBJC_IMPLICIT_RETAIN_SELF = YES;
				CLANG_WARN_OBJC_LITERAL_CONVERSION = YES;
				CLANG_WARN_OBJC_ROOT_CLASS = YES_ERROR;
				CLANG_WARN_QUOTED_INCLUDE_IN_FRAMEWORK_HEADER = YES;
				CLANG_WARN_RANGE_LOOP_ANALYSIS = YES;
				CLANG_WARN_STRICT_PROTOTYPES = YES;
				CLANG_WARN_SUSPICIOUS_MOVE = YES;
				CLANG_WARN_UNGUARDED_AVAILABILITY = YES_AGGRESSIVE;
				CLANG_WARN_UNREACHABLE_CODE = YES;
				CLANG_WARN__DUPLICATE_METHOD_MATCH = YES;
				COPY_PHASE_STRIP = NO;
				DEBUG_INFORMATION_FORMAT = "dwarf-with-dsym";
				ENABLE_NS_ASSERTIONS = NO;
				ENABLE_STRICT_OBJC_MSGSEND = YES;
				ENABLE_USER_SCRIPT_SANDBOXING = YES;
				GCC_C_LANGUAGE_STANDARD = gnu17;
				GCC_NO_COMMON_BLOCKS = YES;
				GCC_WARN_64_TO_32_BIT_CONVERSION = YES;
				GCC_WARN_ABOUT_RETURN_TYPE = YES_ERROR;
				GCC_WARN_UNDECLARED_SELECTOR = YES;
				GCC_WARN_UNINITIALIZED_AUTOS = YES_AGGRESSIVE;
				GCC_WARN_UNUSED_FUNCTION = YES;
				GCC_WARN_UNUSED_VARIABLE = YES;
				IPHONEOS_DEPLOYMENT_TARGET = 18.2;
				LOCALIZATION_PREFERS_STRING_CATALOGS = YES;
				MTL_ENABLE_DEBUG_INFO = NO;
				MTL_FAST_MATH = YES;
				SDKROOT = iphoneos;
				SWIFT_COMPILATION_MODE = wholemodule;
				VALIDATE_PRODUCT = YES;
			};
			name = Release;
		};
		BCFDFA072D5B038B00B20B9D /* Debug */ = {
			isa = XCBuildConfiguration;
			buildSettings = {
				BUNDLE_LOADER = "$(TEST_HOST)";
				CODE_SIGN_STYLE = Automatic;
				CURRENT_PROJECT_VERSION = 1;
				DEVELOPMENT_TEAM = 37MFDT4LMQ;
				GENERATE_INFOPLIST_FILE = YES;
				IPHONEOS_DEPLOYMENT_TARGET = 18.2;
				MARKETING_VERSION = 1.0;
				PRODUCT_BUNDLE_IDENTIFIER = test.HouseholdBudgetCalculatorTests;
				PRODUCT_NAME = "$(TARGET_NAME)";
				SWIFT_EMIT_LOC_STRINGS = NO;
				SWIFT_VERSION = 5.0;
				TARGETED_DEVICE_FAMILY = "1,2";
				TEST_HOST = "$(BUILT_PRODUCTS_DIR)/HouseholdBudgetCalculator.app/$(BUNDLE_EXECUTABLE_FOLDER_PATH)/HouseholdBudgetCalculator";
			};
			name = Debug;
		};
		BCFDFA082D5B038B00B20B9D /* Release */ = {
			isa = XCBuildConfiguration;
			buildSettings = {
				BUNDLE_LOADER = "$(TEST_HOST)";
				CODE_SIGN_STYLE = Automatic;
				CURRENT_PROJECT_VERSION = 1;
				DEVELOPMENT_TEAM = 37MFDT4LMQ;
				GENERATE_INFOPLIST_FILE = YES;
				IPHONEOS_DEPLOYMENT_TARGET = 18.2;
				MARKETING_VERSION = 1.0;
				PRODUCT_BUNDLE_IDENTIFIER = test.HouseholdBudgetCalculatorTests;
				PRODUCT_NAME = "$(TARGET_NAME)";
				SWIFT_EMIT_LOC_STRINGS = NO;
				SWIFT_VERSION = 5.0;
				TARGETED_DEVICE_FAMILY = "1,2";
				TEST_HOST = "$(BUILT_PRODUCTS_DIR)/HouseholdBudgetCalculator.app/$(BUNDLE_EXECUTABLE_FOLDER_PATH)/HouseholdBudgetCalculator";
			};
			name = Release;
		};
		BCFDFA0A2D5B038B00B20B9D /* Debug */ = {
			isa = XCBuildConfiguration;
			buildSettings = {
				CODE_SIGN_STYLE = Automatic;
				CURRENT_PROJECT_VERSION = 1;
				DEVELOPMENT_TEAM = 37MFDT4LMQ;
				GENERATE_INFOPLIST_FILE = YES;
				MARKETING_VERSION = 1.0;
				PRODUCT_BUNDLE_IDENTIFIER = test.HouseholdBudgetCalculatorUITests;
				PRODUCT_NAME = "$(TARGET_NAME)";
				SWIFT_EMIT_LOC_STRINGS = NO;
				SWIFT_VERSION = 5.0;
				TARGETED_DEVICE_FAMILY = "1,2";
				TEST_TARGET_NAME = HouseholdBudgetCalculator;
			};
			name = Debug;
		};
		BCFDFA0B2D5B038B00B20B9D /* Release */ = {
			isa = XCBuildConfiguration;
			buildSettings = {
				CODE_SIGN_STYLE = Automatic;
				CURRENT_PROJECT_VERSION = 1;
				DEVELOPMENT_TEAM = 37MFDT4LMQ;
				GENERATE_INFOPLIST_FILE = YES;
				MARKETING_VERSION = 1.0;
				PRODUCT_BUNDLE_IDENTIFIER = test.HouseholdBudgetCalculatorUITests;
				PRODUCT_NAME = "$(TARGET_NAME)";
				SWIFT_EMIT_LOC_STRINGS = NO;
				SWIFT_VERSION = 5.0;
				TARGETED_DEVICE_FAMILY = "1,2";
				TEST_TARGET_NAME = HouseholdBudgetCalculator;
			};
			name = Release;
		};
/* End XCBuildConfiguration section */

/* Begin XCConfigurationList section */
		BCFDF9D32D5B038A00B20B9D /* Build configuration list for PBXProject "HouseholdBudgetCalculator" */ = {
			isa = XCConfigurationList;
			buildConfigurations = (
				BCFDFA042D5B038B00B20B9D /* Debug */,
				BCFDFA052D5B038B00B20B9D /* Release */,
			);
			defaultConfigurationIsVisible = 0;
			defaultConfigurationName = Release;
		};
		BCFDFA012D5B038B00B20B9D /* Build configuration list for PBXNativeTarget "HouseholdBudgetCalculator" */ = {
			isa = XCConfigurationList;
			buildConfigurations = (
				BCFDFA022D5B038B00B20B9D /* Debug */,
				BCFDFA032D5B038B00B20B9D /* Release */,
			);
			defaultConfigurationIsVisible = 0;
			defaultConfigurationName = Release;
		};
		BCFDFA062D5B038B00B20B9D /* Build configuration list for PBXNativeTarget "HouseholdBudgetCalculatorTests" */ = {
			isa = XCConfigurationList;
			buildConfigurations = (
				BCFDFA072D5B038B00B20B9D /* Debug */,
				BCFDFA082D5B038B00B20B9D /* Release */,
			);
			defaultConfigurationIsVisible = 0;
			defaultConfigurationName = Release;
		};
		BCFDFA092D5B038B00B20B9D /* Build configuration list for PBXNativeTarget "HouseholdBudgetCalculatorUITests" */ = {
			isa = XCConfigurationList;
			buildConfigurations = (
				BCFDFA0A2D5B038B00B20B9D /* Debug */,
				BCFDFA0B2D5B038B00B20B9D /* Release */,
			);
			defaultConfigurationIsVisible = 0;
			defaultConfigurationName = Release;
		};
/* End XCConfigurationList section */

/* Begin XCRemoteSwiftPackageReference section */
		BCFDFA0C2D5B49BF00B20B9D /* XCRemoteSwiftPackageReference "Parchment" */ = {
			isa = XCRemoteSwiftPackageReference;
			repositoryURL = "https://github.com/rechsteiner/Parchment";
			requirement = {
				kind = upToNextMinorVersion;
				minimumVersion = 4.0.0;
			};
		};
/* End XCRemoteSwiftPackageReference section */

/* Begin XCSwiftPackageProductDependency section */
		BCFDFA0D2D5B49BF00B20B9D /* Parchment */ = {
			isa = XCSwiftPackageProductDependency;
			package = BCFDFA0C2D5B49BF00B20B9D /* XCRemoteSwiftPackageReference "Parchment" */;
			productName = Parchment;
		};
/* End XCSwiftPackageProductDependency section */
	};
	rootObject = BCFDF9D02D5B038900B20B9D /* Project object */;
}
